{
  "version": 1,
  "lockedAt": "2026-09-04T15:33:48.076Z",
  "skills": {
    "code": {
      "source": {
        "type": "git",
        "name": "catalog",
        "url": "https://github.com/joeharris76/skill-sync-skills.git",
        "ref": "c63378624588e19bef9698078d925161ff4e45c5",
        "subdir": "skills",
        "revision": "c63378624588e19bef9698078d925161ff4e45c5",
        "fetchedAt": "2026-09-02T01:53:33.171Z"
      },
      "installMode": "mirror",
      "files": {
        "references/analysis.md": {
          "sha256": "c2c6c018e35f01d9184a31a4ec8a4381d73d2e3d3997b2eb90fb57b032186185",
          "size": 353
        },
        "references/compare.md": {
          "sha256": "a3ac62c6fce1c4a170f0efa0ca7d4a5bcf4fe712712ed845094acf700f04f82c",
          "size": 785
        },
        "references/five-axis-review.md": {
          "sha256": "baeeb8769ff75bec5d41cd286d80b541fc9a472ab0dbfd13eb0aef88d68e54d0",
          "size": 5438
        },
        "references/handoff.md": {
          "sha256": "37ecdbe8e88662d8bda26b8b87412081750ba1e23fb804a68e0803fe7cf7e8c2",
          "size": 695
        },
        "references/implementation.md": {
          "sha256": "44b391ebc7d4c38e111807e34e51bfb338235a37043ace0d2f0049b3f3a01620",
          "size": 744
        },
        "references/iterate.md": {
          "sha256": "a76a29ad71558fab84cce30125beaaca972afaf10905789777ebe5137b6bf9d6",
          "size": 1994
        },
        "references/pr-backlog.md": {
          "sha256": "512257880f0d1043f785fabcfcab6e4997367f7ddc0ebbf20012a35204dd8f7e",
          "size": 6225
        },
        "references/pr-sweep.md": {
          "sha256": "14afe52e10840cc4cd796095cea5dd6db584e6e2347826651c9ea0f4fd1d58f5",
          "size": 4395
        },
        "references/shrink.md": {
          "sha256": "46622f98dea3057a8a1564ed0d31332b2227704b773719524555a0b8839aa609",
          "size": 334
        },
        "SKILL.md": {
          "sha256": "9d0c4be64974a5f27b838271c584e82f760f9ddc88289b0dfc4387bb9c881e49",
          "size": 3065
        },
        "skill.yaml": {
          "sha256": "dde6764af2bc3f1e4b634ae5a7a723df63f8ffb1cd80c1f80d051ecccd2b28fb",
          "size": 825
        }
      }
    },
    "test": {
      "source": {
        "type": "git",
        "name": "catalog",
        "url": "https://github.com/joeharris76/skill-sync-skills.git",
        "ref": "c63378624588e19bef9698078d925161ff4e45c5",
        "subdir": "skills",
        "revision": "c63378624588e19bef9698078d925161ff4e45c5",
        "fetchedAt": "2026-09-02T01:53:34.582Z"
      },
      "installMode": "mirror",
      "files": {
        "references/cleanup.md": {
          "sha256": "de0a4346abacdc800b027d85171bf0778fe5c6fd31f76359b64abb2b9ee4472e",
          "size": 147
        },
        "references/coverage.md": {
          "sha256": "170032b8888fa3a37f26e6d57becdaf31371393d6ed55fa76cf8f1ef0e54b5b3",
          "size": 165
        },
        "references/create.md": {
          "sha256": "6aac824073f93d6f3375acc4ef299f080d51dd909735b65b36883335e1e26140",
          "size": 184
        },
        "references/fix.md": {
          "sha256": "34958400d5b2008a9390a3dba7785abfe4f7b518c2c2c1d91cdf82314c86a646",
          "size": 214
        },
        "references/perf.md": {
          "sha256": "7ce139984b802619008cd8dfe24feb5a1c2aa9c02249e54bd780ecc7cfe546c9",
          "size": 922
        },
        "references/run.md": {
          "sha256": "0b004c21f4578a31a77317ec6115720b49212d66064540ba2509433a5fd528fa",
          "size": 360
        },
        "SKILL.md": {
          "sha256": "ffe54a0b436b6c734a7b7a6272b1da5a974ee7f0f65ce0aaa6df28a6b22640cb",
          "size": 1573
        },
        "skill.yaml": {
          "sha256": "c537b16111d60cb8cc947ac2659378b47e6cc5ace459519fb6ab029dac97911c",
          "size": 330
        }
      }
    },
    "docs": {
      "source": {
        "type": "git",
        "name": "catalog",
        "url": "https://github.com/joeharris76/skill-sync-skills.git",
        "ref": "c63378624588e19bef9698078d925161ff4e45c5",
        "subdir": "skills",
        "revision": "c63378624588e19bef9698078d925161ff4e45c5",
        "fetchedAt": "2026-09-02T01:53:35.945Z"
      },
      "installMode": "mirror",
      "files": {
        "references/adversarial.md": {
          "sha256": "014b1d47506da57e5c3c54b89242131fbb251f3e4d4cd5d98bb53cf02db7af1a",
          "size": 308
        },
        "references/build.md": {
          "sha256": "5f7adc15b0b22557f26bf1e29ccf7831737b22d0aa5ddd1868e2ff969ddfecd1",
          "size": 169
        },
        "references/commit.md": {
          "sha256": "794ab65275449b0d10e4cad5d9d4c7342b1b2e1d931c3351334cb47d8be9e924",
          "size": 139
        },
        "references/create.md": {
          "sha256": "aa32e1edca7e1339ed5f95821df6a9015239c248006e6c1e50bd7356f6e54132",
          "size": 171
        },
        "references/review.md": {
          "sha256": "8995cad71c54b59c07c4be1324f7fbe5f75ac7a1c250a96539dfcc7a942f1475",
          "size": 176
        },
        "SKILL.md": {
          "sha256": "0104b7903d797d7912fac4f41e4d64299b5345728b8ec6649bc82b4386d2a5a4",
          "size": 1830
        },
        "skill.yaml": {
          "sha256": "99390c0e5aaacd50cb3554bd0c586cd153aab90b956b2c192b60df71126decda",
          "size": 179
        }
      }
    },
    "tidy-perms": {
      "source": {
        "type": "git",
        "name": "catalog",
        "url": "https://github.com/joeharris76/skill-sync-skills.git",
        "ref": "c63378624588e19bef9698078d925161ff4e45c5",
        "subdir": "skills",
        "revision": "c63378624588e19bef9698078d925161ff4e45c5",
        "fetchedAt": "2026-09-02T01:53:42.121Z"
      },
      "installMode": "mirror",
      "files": {
        "references/audit.md": {
          "sha256": "4b7775ccdc46642f12de659d88bd88725331a55f1b8b7094776b6dc7ca9200ed",
          "size": 667
        },
        "references/consolidate.md": {
          "sha256": "07f70619c416fa4f894c69f9a88e404ca5d9ee0149962298a33666ce08b94d7b",
          "size": 963
        },
        "references/permissions-model.md": {
          "sha256": "0730ce883ad1f8aa0c004c6bf0d07ceeb0cd7f1c52a580499878eb5114778da7",
          "size": 1413
        },
        "SKILL.md": {
          "sha256": "6966708341beb706c2fe987b5243bde520150a45cd289040b75f584213d6bffb",
          "size": 1252
        },
        "skill.yaml": {
          "sha256": "af7b0283958278c7a251304afdb058a793d1e33687c0574f27492462c8780be6",
          "size": 289
        }
      }
    },
    "skill-sync": {
      "source": {
        "type": "git",
        "name": "product",
        "url": "https://github.com/joeharris76/skill-sync.git",
        "ref": "9d734a992dc77cea977cbb6924135d96d288571d",
        "subdir": "skills",
        "revision": "9d734a992dc77cea977cbb6924135d96d288571d",
        "fetchedAt": "2026-09-02T01:29:27.273Z"
      },
      "installMode": "mirror",
      "files": {
        "references/operations.md": {
          "sha256": "4835e79ceba1b314be879705cb3b42812fd341486ae0bd1cb2a215b0227b5860",
          "size": 2776
        },
        "SKILL.md": {
          "sha256": "68f73b8880bcf6534e97d2fa1f6b4fb5a6675eb17e8dff7929bd46445717906b",
          "size": 1421
        },
        "skill.yaml": {
          "sha256": "01ece1a29901cca51c02f6042d087f1053b7e22c3d5102458ec8b8bf13436804",
          "size": 219
        }
      }
    },
    "shared-change-framework": {
      "source": {
        "type": "git",
        "name": "catalog",
        "url": "https://github.com/joeharris76/skill-sync-skills.git",
        "ref": "c63378624588e19bef9698078d925161ff4e45c5",
        "subdir": "skills",
        "revision": "c63378624588e19bef9698078d925161ff4e45c5",
        "fetchedAt": "2026-09-02T01:53:44.048Z"
      },
      "installMode": "mirror",
      "files": {
        "SKILL.md": {
          "sha256": "9524593192403ec738fcf390d9983abdea0c028975265c3f715511ba340b0876",
          "size": 7705
        },
        "skill.yaml": {
          "sha256": "39b007a53d9126d3fe4e8938a67d616a52be210a82ba211753afa92a073d06bd",
          "size": 78
        }
      }
    },
    "shared-investigation-framework": {
      "source": {
        "type": "git",
        "name": "catalog",
        "url": "https://github.com/joeharris76/skill-sync-skills.git",
        "ref": "c63378624588e19bef9698078d925161ff4e45c5",
        "subdir": "skills",
        "revision": "c63378624588e19bef9698078d925161ff4e45c5",
        "fetchedAt": "2026-09-02T01:53:45.365Z"
      },
      "installMode": "mirror",
      "files": {
        "SKILL.md": {
          "sha256": "272cadf787f4c9c98c67ce03d2db6915bd06c85a87e2a35009d7070273df8a9c",
          "size": 6912
        },
        "skill.yaml": {
          "sha256": "075f937dd1704549766b9be6216aa7bc0bc757fb3e24f504ab732e68f8920ca1",
          "size": 114
        }
      }
    },
    "shared-review-protocol": {
      "source": {
        "type": "git",
        "name": "catalog",
        "url": "https://github.com/joeharris76/skill-sync-skills.git",
        "ref": "c63378624588e19bef9698078d925161ff4e45c5",
        "subdir": "skills",
        "revision": "c63378624588e19bef9698078d925161ff4e45c5",
        "fetchedAt": "2026-09-02T01:53:46.695Z"
      },
      "installMode": "mirror",
      "files": {
        "references/adversarial-review.md": {
          "sha256": "edc60872a8400a76886d53da8f28753e287d9a0a3ee4c6c81d6ca194aeb85d6d",
          "size": 1943
        },
        "SKILL.md": {
          "sha256": "87729a7c06352a42be9535e6f3bc2bf870a0ea8ed349d10f3fbe860ad8bb0db3",
          "size": 9955
        },
        "skill.yaml": {
          "sha256": "8ba7fbc70f4982b16da1f7220244aa801ad482ebb4ecd88e73b50b6a95adfa6d",
          "size": 219
        }
      }
    },
    "shared-agent-execution": {
      "source": {
        "type": "git",
        "name": "catalog",
        "url": "https://github.com/joeharris76/skill-sync-skills.git",
        "ref": "c63378624588e19bef9698078d925161ff4e45c5",
        "subdir": "skills",
        "revision": "c63378624588e19bef9698078d925161ff4e45c5",
        "fetchedAt": "2026-09-02T01:53:48.170Z"
      },
      "installMode": "mirror",
      "files": {
        "references/external-harnesses.md": {
          "sha256": "0b77d6a86381ade8648a0b59a57d47b62cac3fe589d1d7724e9db94fd349841d",
          "size": 4864
        },
        "SKILL.md": {
          "sha256": "ef49342065c19f0e27d520c0a2ad0017f04640fecd26822ef16ad4b7038c145d",
          "size": 4679
        },
        "skill.yaml": {
          "sha256": "ec71a233b04c9c9d860316b330baab2898f7ad3641a68c91cb48359ce4a653fa",
          "size": 111
        }
      }
    },
    "todo-db": {
      "source": {
        "type": "local",
        "name": "project",
        "path": "skills/todo-db",
        "fetchedAt": "2026-09-04T15:33:36.927Z"
      },
      "installMode": "mirror",
      "files": {
        "references/recovery.md": {
          "sha256": "b48b4bcee165981e11de34786a48185d99a797b9766135151eaabfc364d48bbf",
          "size": 2609
        },
        "SKILL.md": {
          "sha256": "909d787dff1c4820a71432e31a547152cebf5e635bef6944a1fabe43afae6969",
          "size": 5727
        }
      }
    }
  }
}
